// !$*UTF8*$!
{
	archiveVersion = 1;
	classes = {
	};
	objectVersion = 46;
	objects = {

/* Begin PBXBuildFile section */
		2A8E41041E1B07C200025B99 /* AppDelegate.swift in Sources */ = {isa = PBXBuildFile; fileRef = 2A8E41031E1B07C200025B99 /* AppDelegate.swift */; };
		2A8E41061E1B07C200025B99 /* Assets.xcassets in Resources */ = {isa = PBXBuildFile; fileRef = 2A8E41051E1B07C200025B99 /* Assets.xcassets */; };
		2A8E41091E1B07C200025B99 /* MainMenu.xib in Resources */ = {isa = PBXBuildFile; fileRef = 2A8E41071E1B07C200025B99 /* MainMenu.xib */; };
		2A8E41111E1DE4B700025B99 /* GlobalMonitor.swift in Sources */ = {isa = PBXBuildFile; fileRef = 2A8E41101E1DE4B700025B99 /* GlobalMonitor.swift */; };
		2AA41FE81E22506A00458A24 /* Counter.swift in Sources */ = {isa = PBXBuildFile; fileRef = 2AA41FE71E22506A00458A24 /* Counter.swift */; };
		2AC98E661E2585FC006322BF /* LocalMonitor.swift in Sources */ = {isa = PBXBuildFile; fileRef = 2AC98E651E2585FC006322BF /* LocalMonitor.swift */; };
/* End PBXBuildFile section */

/* Begin PBXFileReference section */
		2A8E41001E1B07C100025B99 /* Footprints.app */ = {isa = PBXFileReference; explicitFileType = wrapper.application; includeInIndex = 0; path = Footprints.app; sourceTree = BUILT_PRODUCTS_DIR; };
		2A8E41031E1B07C200025B99 /* AppDelegate.swift */ = {isa = PBXFileReference; lastKnownFileType = sourcecode.swift; path = AppDelegate.swift; sourceTree = "<group>"; };
		2A8E41051E1B07C200025B99 /* Assets.xcassets */ = {isa = PBXFileReference; lastKnownFileType = folder.assetcatalog; path = Assets.xcassets; sourceTree = "<group>"; };
		2A8E41081E1B07C200025B99 /* Base */ = {isa = PBXFileReference; lastKnownFileType = file.xib; name = Base; path = Base.lproj/MainMenu.xib; sourceTree = "<group>"; };
		2A8E410A1E1B07C200025B99 /* Info.plist */ = {isa = PBXFileReference; lastKnownFileType = text.plist.xml; path = Info.plist; sourceTree = "<group>"; };
		2A8E41101E1DE4B700025B99 /* GlobalMonitor.swift */ = {isa = PBXFileReference; fileEncoding = 4; lastKnownFileType = sourcecode.swift; path = GlobalMonitor.swift; sourceTree = "<group>"; };
		2AA41FE71E22506A00458A24 /* Counter.swift */ = {isa = PBXFileReference; fileEncoding = 4; lastKnownFileType = sourcecode.swift; path = Counter.swift; sourceTree = "<group>"; };
		2AC98E651E2585FC006322BF /* LocalMonitor.swift */ = {isa = PBXFileReference; fileEncoding = 4; lastKnownFileType = sourcecode.swift; path = LocalMonitor.swift; sourceTree = "<group>"; };
/* End PBXFileReference section */

/* Begin PBXFrameworksBuildPhase section */
		2A8E40FD1E1B07C100025B99 /* Frameworks */ = {
			isa = PBXFrameworksBuildPhase;
			buildActionMask = 2147483647;
			files = (
			);
			runOnlyForDeploymentPostprocessing = 0;
		};
/* End PBXFrameworksBuildPhase section */

/* Begin PBXGroup section */
		2A8E40F71E1B07C100025B99 = {
			isa = PBXGroup;
			children = (
				2A8E41021E1B07C200025B99 /* Footprints */,
				2A8E41011E1B07C100025B99 /* Products */,
			);
			sourceTree = "<group>";
		};
		2A8E41011E1B07C100025B99 /* Products */ = {
			isa = PBXGroup;
			children = (
				2A8E41001E1B07C100025B99 /* Footprints.app */,
			);
			name = Products;
			sourceTree = "<group>";
		};
		2A8E41021E1B07C200025B99 /* Footprints */ = {
			isa = PBXGroup;
			children = (
				2A8E41031E1B07C200025B99 /* AppDelegate.swift */,
				2A8E41051E1B07C200025B99 /* Assets.xcassets */,
				2A8E41071E1B07C200025B99 /* MainMenu.xib */,
				2A8E410A1E1B07C200025B99 /* Info.plist */,
				2A8E41101E1DE4B700025B99 /* GlobalMonitor.swift */,
				2AA41FE71E22506A00458A24 /* Counter.swift */,
				2AC98E651E2585FC006322BF /* LocalMonitor.swift */,
			);
			path = Footprints;
			sourceTree = "<group>";
		};
/* End PBXGroup section */

/* Begin PBXNativeTarget section */
		2A8E40FF1E1B07C100025B99 /* Footprints */ = {
			isa = PBXNativeTarget;
			buildConfigurationList = 2A8E410D1E1B07C200025B99 /* Build configuration list for PBXNativeTarget "Footprints" */;
			buildPhases = (
				2A8E40FC1E1B07C100025B99 /* Sources */,
				2A8E40FD1E1B07C100025B99 /* Frameworks */,
				2A8E40FE1E1B07C100025B99 /* Resources */,
			);
			buildRules = (
			);
			dependencies = (
			);
			name = Footprints;
			productName = Footprints;
			productReference = 2A8E41001E1B07C100025B99 /* Footprints.app */;
			productType = "com.apple.product-type.application";
		};
/* End PBXNativeTarget section */

/* Begin PBXProject section */
		2A8E40F81E1B07C100025B99 /* Project object */ = {
			isa = PBXProject;
			attributes = {
				LastSwiftUpdateCheck = 0820;
				LastUpgradeCheck = 0820;
				ORGANIZATIONNAME = "Andrey M";
				TargetAttributes = {
					2A8E40FF1E1B07C100025B99 = {
						CreatedOnToolsVersion = 8.2.1;
						DevelopmentTeam = 5ZP3JBY5FU;
						LastSwiftMigration = 0820;
						ProvisioningStyle = Automatic;
					};
				};
			};
			buildConfigurationList = 2A8E40FB1E1B07C100025B99 /* Build configuration list for PBXProject "Footprints" */;
			compatibilityVersion = "Xcode 3.2";
			developmentRegion = English;
			hasScannedForEncodings = 0;
			knownRegions = (
				en,
				Base,
			);
			mainGroup = 2A8E40F71E1B07C100025B99;
			productRefGroup = 2A8E41011E1B07C100025B99 /* Products */;
			projectDirPath = "";
			projectRoot = "";
			targets = (
				2A8E40FF1E1B07C100025B99 /* Footprints */,
			);
		};
/* End PBXProject section */

/* Begin PBXResourcesBuildPhase section */
		2A8E40FE1E1B07C100025B99 /* Resources */ = {
			isa = PBXResourcesBuildPhase;
			buildActionMask = 2147483647;
			files = (
				2A8E41061E1B07C200025B99 /* Assets.xcassets in Resources */,
				2A8E41091E1B07C200025B99 /* MainMenu.xib in Resources */,
			);
			runOnlyForDeploymentPostprocessing = 0;
		};
/* End PBXResourcesBuildPhase section */

/* Begin PBXSourcesBuildPhase section */
		2A8E40FC1E1B07C100025B99 /* Sources */ = {
			isa = PBXSourcesBuildPhase;
			buildActionMask = 2147483647;
			files = (
				2AC98E661E2585FC006322BF /* LocalMonitor.swift in Sources */,
				2A8E41041E1B07C200025B99 /* AppDelegate.swift in Sources */,
				2A8E41111E1DE4B700025B99 /* GlobalMonitor.swift in Sources */,
				2AA41FE81E22506A00458A24 /* Counter.swift in Sources */,
			);
			runOnlyForDeploymentPostprocessing = 0;
		};
/* End PBXSourcesBuildPhase section */

/* Begin PBXVariantGroup section */
		2A8E41071E1B07C200025B99 /* MainMenu.xib */ = {
			isa = PBXVariantGroup;
			children = (
				2A8E41081E1B07C200025B99 /* Base */,
			);
			name = MainMenu.xib;
			sourceTree = "<group>";
		};
/* End PBXVariantGroup section */

/* Begin XCBuildConfiguration section */
		2A8E410B1E1B07C200025B99 /* Debug */ = {
			isa = XCBuildConfiguration;
			buildSettings = {
				ALWAYS_SEARCH_USER_PATHS = NO;
				CLANG_ANALYZER_NONNULL = YES;
				CLANG_CXX_LANGUAGE_STANDARD = "gnu++0x";
				CLANG_CXX_LIBRARY = "libc++";
				CLANG_ENABLE_MODULES = YES;
				CLANG_ENABLE_OBJC_ARC = YES;
				CLANG_WARN_BOOL_CONVERSION = YES;
				CLANG_WARN_CONSTANT_CONVERSION = YES;
				CLANG_WARN_DIRECT_OBJC_ISA_USAGE = YES_ERROR;
				CLANG_WARN_DOCUMENTATION_COMMENTS = YES;
				CLANG_WARN_EMPTY_BODY = YES;
				CLANG_WARN_ENUM_CONVERSION = YES;
				CLANG_WARN_INFINITE_RECURSION = YES;
				CLANG_WARN_INT_CONVERSION = YES;
				CLANG_WARN_OBJC_ROOT_CLASS = YES_ERROR;
				CLANG_WARN_SUSPICIOUS_MOVE = YES;
				CLANG_WARN_UNREACHABLE_CODE = YES;
				CLANG_WARN__DUPLICATE_METHOD_MATCH = YES;
				CODE_SIGN_IDENTITY = "-";
				COPY_PHASE_STRIP = NO;
				DEBUG_INFORMATION_FORMAT = dwarf;
				ENABLE_STRICT_OBJC_MSGSEND = YES;
				ENABLE_TESTABILITY = YES;
				GCC_C_LANGUAGE_STANDARD = gnu99;
				GCC_DYNAMIC_NO_PIC = NO;
				GCC_NO_COMMON_BLOCKS = YES;
				GCC_OPTIMIZATION_LEVEL = 0;
				GCC_PREPROCESSOR_DEFINITIONS = (
					"DEBUG=1",
					"$(inherited)",
				);
				GCC_WARN_64_TO_32_BIT_CONVERSION = YES;
				GCC_WARN_ABOUT_RETURN_TYPE = YES_ERROR;
				GCC_WARN_UNDECLARED_SELECTOR = YES;
				GCC_WARN_UNINITIALIZED_AUTOS = YES_AGGRESSIVE;
				GCC_WARN_UNUSED_FUNCTION = YES;
				GCC_WARN_UNUSED_VARIABLE = YES;
				MACOSX_DEPLOYMENT_TARGET = 10.12;
				MTL_ENABLE_DEBUG_INFO = YES;
				ONLY_ACTIVE_ARCH = YES;
				SDKROOT = macosx;
				SWIFT_ACTIVE_COMPILATION_CONDITIONS = DEBUG;
				SWIFT_OPTIMIZATION_LEVEL = "-Onone";
			};
			name = Debug;
		};
		2A8E410C1E1B07C200025B99 /* Release */ = {
			isa = XCBuildConfiguration;
			buildSettings = {
				ALWAYS_SEARCH_USER_PATHS = NO;
				CLANG_ANALYZER_NONNULL = YES;
				CLANG_CXX_LANGUAGE_STANDARD = "gnu++0x";
				CLANG_CXX_LIBRARY = "libc++";
				CLANG_ENABLE_MODULES = YES;
				CLANG_ENABLE_OBJC_ARC = YES;
				CLANG_WARN_BOOL_CONVERSION = YES;
				CLANG_WARN_CONSTANT_CONVERSION = YES;
				CLANG_WARN_DIRECT_OBJC_ISA_USAGE = YES_ERROR;
				CLANG_WARN_DOCUMENTATION_COMMENTS = YES;
				CLANG_WARN_EMPTY_BODY = YES;
				CLANG_WARN_ENUM_CONVERSION = YES;
				CLANG_WARN_INFINITE_RECURSION = YES;
				CLANG_WARN_INT_CONVERSION = YES;
				CLANG_WARN_OBJC_ROOT_CLASS = YES_ERROR;
				CLANG_WARN_SUSPICIOUS_MOVE = YES;
				CLANG_WARN_UNREACHABLE_CODE = YES;
				CLANG_WARN__DUPLICATE_METHOD_MATCH = YES;
				CODE_SIGN_IDENTITY = "-";
				COPY_PHASE_STRIP = NO;
				DEBUG_INFORMATION_FORMAT = "dwarf-with-dsym";
				ENABLE_NS_ASSERTIONS = NO;
				ENABLE_STRICT_OBJC_MSGSEND = YES;
				GCC_C_LANGUAGE_STANDARD = gnu99;
				GCC_NO_COMMON_BLOCKS = YES;
				GCC_WARN_64_TO_32_BIT_CONVERSION = YES;
				GCC_WARN_ABOUT_RETURN_TYPE = YES_ERROR;
				GCC_WARN_UNDECLARED_SELECTOR = YES;
				GCC_WARN_UNINITIALIZED_AUTOS = YES_AGGRESSIVE;
				GCC_WARN_UNUSED_FUNCTION = YES;
				GCC_WARN_UNUSED_VARIABLE = YES;
				MACOSX_DEPLOYMENT_TARGET = 10.12;
				MTL_ENABLE_DEBUG_INFO = NO;
				SDKROOT = macosx;
				SWIFT_OPTIMIZATION_LEVEL = "-Owholemodule";
			};
			name = Release;
		};
		2A8E410E1E1B07C200025B99 /* Debug */ = {
			isa = XCBuildConfiguration;
			buildSettings = {
				ASSETCATALOG_COMPILER_APPICON_NAME = AppIcon;
				CODE_SIGN_IDENTITY = "Mac Developer";
				COMBINE_HIDPI_IMAGES = YES;
				DEVELOPMENT_TEAM = 5ZP3JBY5FU;
				INFOPLIST_FILE = Footprints/Info.plist;
				LD_RUNPATH_SEARCH_PATHS = "$(inherited) @executable_path/../Frameworks";
				PRODUCT_BUNDLE_IDENTIFIER = me.meamka.Footprints;
				PRODUCT_NAME = "$(TARGET_NAME)";
				SWIFT_VERSION = 3.0;
			};
			name = Debug;
		};
		2A8E410F1E1B07C200025B99 /* Release */ = {
			isa = XCBuildConfiguration;
			buildSettings = {
				ASSETCATALOG_COMPILER_APPICON_NAME = AppIcon;
				CODE_SIGN_IDENTITY = "Mac Developer";
				COMBINE_HIDPI_IMAGES = YES;
				DEVELOPMENT_TEAM = 5ZP3JBY5FU;
				INFOPLIST_FILE = Footprints/Info.plist;
				LD_RUNPATH_SEARCH_PATHS = "$(inherited) @executable_path/../Frameworks";
				PRODUCT_BUNDLE_IDENTIFIER = me.meamka.Footprints;
				PRODUCT_NAME = "$(TARGET_NAME)";
				SWIFT_VERSION = 3.0;
			};
			name = Release;
		};
/* End XCBuildConfiguration section */

/* Begin XCConfigurationList section */
		2A8E40FB1E1B07C100025B99 /* Build configuration list for PBXProject "Footprints" */ = {
			isa = XCConfigurationList;
			buildConfigurations = (
				2A8E410B1E1B07C200025B99 /* Debug */,
				2A8E410C1E1B07C200025B99 /* Release */,
			);
			defaultConfigurationIsVisible = 0;
			defaultConfigurationName = Release;
		};
		2A8E410D1E1B07C200025B99 /* Build configuration list for PBXNativeTarget "Footprints" */ = {
			isa = XCConfigurationList;
			buildConfigurations = (
				2A8E410E1E1B07C200025B99 /* Debug */,
				2A8E410F1E1B07C200025B99 /* Release */,
			);
			defaultConfigurationIsVisible = 0;
			defaultConfigurationName = Release;
		};
/* End XCConfigurationList section */
	};
	rootObject = 2A8E40F81E1B07C100025B99 /* Project object */;
}
